
Microsoft Visual Studio Solution File, Format Version 12.00
# Visual Studio 15
VisualStudioVersion = 15.0.28307.329
MinimumVisualStudioVersion = 10.0.40219.1
Project("{9A19103F-16F7-4668-BE54-9A1E7A4F7556}") = "01_Person", "01_Person\01_Person.csproj", "{5E9C5F89-64CB-427D-8EB4-551EE10B64C4}"
EndProject
Project("{9A19103F-16F7-4668-BE54-9A1E7A4F7556}") = "02_BookShop", "02_BookShop\02_BookShop.csproj", "{551FFA85-91DE-458A-BE24-9E86780922EC}"
EndProject
Project("{FAE04EC0-301F-11D3-BF4B-00C04F79EFBC}") = "03_Mankind", "03_Mankind\03_Mankind.csproj", "{07BE1BB6-0F42-474B-B325-B784A43A0AF5}"
EndProject
Project("{FAE04EC0-301F-11D3-BF4B-00C04F79EFBC}") = "04_OnlineRadioDatabase", "04_OnlineRadioDatabase\04_OnlineRadioDatabase.csproj", "{5EDA20F3-843F-4D31-800D-00C7F81616DD}"
EndProject
Project("{FAE04EC0-301F-11D3-BF4B-00C04F79EFBC}") = "06_Animals", "06_Animals\06_Animals.csproj", "{2DE2B305-86EA-42E1-8BA8-4D78DF1CF3AD}"
EndProject
Global
	GlobalSection(SolutionConfigurationPlatforms) = preSolution
		Debug|Any CPU = Debug|Any CPU
		Release|Any CPU = Release|Any CPU
	EndGlobalSection
	GlobalSection(ProjectConfigurationPlatforms) = postSolution
		{5E9C5F89-64CB-427D-8EB4-551EE10B64C4}.Debug|Any CPU.ActiveCfg = Debug|Any CPU
		{5E9C5F89-64CB-427D-8EB4-551EE10B64C4}.Debug|Any CPU.Build.0 = Debug|Any CPU
		{5E9C5F89-64CB-427D-8EB4-551EE10B64C4}.Release|Any CPU.ActiveCfg = Release|Any CPU
		{5E9C5F89-64CB-427D-8EB4-551EE10B64C4}.Release|Any CPU.Build.0 = Release|Any CPU
		{551FFA85-91DE-458A-BE24-9E86780922EC}.Debug|Any CPU.ActiveCfg = Debug|Any CPU
		{551FFA85-91DE-458A-BE24-9E86780922EC}.Debug|Any CPU.Build.0 = Debug|Any CPU
		{551FFA85-91DE-458A-BE24-9E86780922EC}.Release|Any CPU.ActiveCfg = Release|Any CPU
		{551FFA85-91DE-458A-BE24-9E86780922EC}.Release|Any CPU.Build.0 = Release|Any CPU
		{07BE1BB6-0F42-474B-B325-B784A43A0AF5}.Debug|Any CPU.ActiveCfg = Debug|Any CPU
		{07BE1BB6-0F42-474B-B325-B784A43A0AF5}.Debug|Any CPU.Build.0 = Debug|Any CPU
		{07BE1BB6-0F42-474B-B325-B784A43A0AF5}.Release|Any CPU.ActiveCfg = Release|Any CPU
		{07BE1BB6-0F42-474B-B325-B784A43A0AF5}.Release|Any CPU.Build.0 = Release|Any CPU
		{5EDA20F3-843F-4D31-800D-00C7F81616DD}.Debug|Any CPU.ActiveCfg = Debug|Any CPU
		{5EDA20F3-843F-4D31-800D-00C7F81616DD}.Debug|Any CPU.Build.0 = Debug|Any CPU
		{5EDA20F3-843F-4D31-800D-00C7F81616DD}.Release|Any CPU.ActiveCfg = Release|Any CPU
		{5EDA20F3-843F-4D31-800D-00C7F81616DD}.Release|Any CPU.Build.0 = Release|Any CPU
		{2DE2B305-86EA-42E1-8BA8-4D78DF1CF3AD}.Debug|Any CPU.ActiveCfg = Debug|Any CPU
		{2DE2B305-86EA-42E1-8BA8-4D78DF1CF3AD}.Debug|Any CPU.Build.0 = Debug|Any CPU
		{2DE2B305-86EA-42E1-8BA8-4D78DF1CF3AD}.Release|Any CPU.ActiveCfg = Release|Any CPU
		{2DE2B305-86EA-42E1-8BA8-4D78DF1CF3AD}.Release|Any CPU.Build.0 = Release|Any CPU
	EndGlobalSection
	GlobalSection(SolutionProperties) = preSolution
		HideSolutionNode = FALSE
	EndGlobalSection
	GlobalSection(ExtensibilityGlobals) = postSolution
		SolutionGuid = {43A142B4-71D5-4813-8971-AC527D8EB139}
	EndGlobalSection
EndGlobal
