
Microsoft Visual Studio Solution File, Format Version 12.00
# Visual Studio 15
VisualStudioVersion = 15.0.28307.329
MinimumVisualStudioVersion = 10.0.40219.1
Project("{FAE04EC0-301F-11D3-BF4B-00C04F79EFBC}") = "Farm", "Farm\Farm.csproj", "{734FCAE2-0262-45F7-9F61-99EFEF40CAA9}"
EndProject
Project("{FAE04EC0-301F-11D3-BF4B-00C04F79EFBC}") = "CustomRandomList", "CustomRandomeList\CustomRandomList.csproj", "{FD12AD75-751F-41E1-8EA7-29BC6762640A}"
EndProject
Project("{FAE04EC0-301F-11D3-BF4B-00C04F79EFBC}") = "CustomStack", "CustomStack\CustomStack.csproj", "{6B2B69AC-8625-4175-80E2-C03D074831BC}"
EndProject
Global
	GlobalSection(SolutionConfigurationPlatforms) = preSolution
		Debug|Any CPU = Debug|Any CPU
		Release|Any CPU = Release|Any CPU
	EndGlobalSection
	GlobalSection(ProjectConfigurationPlatforms) = postSolution
		{734FCAE2-0262-45F7-9F61-99EFEF40CAA9}.Debug|Any CPU.ActiveCfg = Debug|Any CPU
		{734FCAE2-0262-45F7-9F61-99EFEF40CAA9}.Debug|Any CPU.Build.0 = Debug|Any CPU
		{734FCAE2-0262-45F7-9F61-99EFEF40CAA9}.Release|Any CPU.ActiveCfg = Release|Any CPU
		{734FCAE2-0262-45F7-9F61-99EFEF40CAA9}.Release|Any CPU.Build.0 = Release|Any CPU
		{FD12AD75-751F-41E1-8EA7-29BC6762640A}.Debug|Any CPU.ActiveCfg = Debug|Any CPU
		{FD12AD75-751F-41E1-8EA7-29BC6762640A}.Debug|Any CPU.Build.0 = Debug|Any CPU
		{FD12AD75-751F-41E1-8EA7-29BC6762640A}.Release|Any CPU.ActiveCfg = Release|Any CPU
		{FD12AD75-751F-41E1-8EA7-29BC6762640A}.Release|Any CPU.Build.0 = Release|Any CPU
		{6B2B69AC-8625-4175-80E2-C03D074831BC}.Debug|Any CPU.ActiveCfg = Debug|Any CPU
		{6B2B69AC-8625-4175-80E2-C03D074831BC}.Debug|Any CPU.Build.0 = Debug|Any CPU
		{6B2B69AC-8625-4175-80E2-C03D074831BC}.Release|Any CPU.ActiveCfg = Release|Any CPU
		{6B2B69AC-8625-4175-80E2-C03D074831BC}.Release|Any CPU.Build.0 = Release|Any CPU
	EndGlobalSection
	GlobalSection(SolutionProperties) = preSolution
		HideSolutionNode = FALSE
	EndGlobalSection
	GlobalSection(ExtensibilityGlobals) = postSolution
		SolutionGuid = {11B245B8-1C86-455B-BCA7-C0B5E2F2AB8E}
	EndGlobalSection
EndGlobal
