
Microsoft Visual Studio Solution File, Format Version 12.00
# Visual Studio 15
VisualStudioVersion = 15.0.28307.329
MinimumVisualStudioVersion = 10.0.40219.1
Project("{9A19103F-16F7-4668-BE54-9A1E7A4F7556}") = "01_ClassBox", "01_ClassBox\01_ClassBox.csproj", "{00AC4B50-4E99-4002-82F9-1D583676B331}"
EndProject
Project("{9A19103F-16F7-4668-BE54-9A1E7A4F7556}") = "02_ClassBoxDataValidation", "02_ClassBoxDataValidation\02_ClassBoxDataValidation.csproj", "{5FEB23FE-7256-4FB0-9CCC-78AD67DFB0C2}"
EndProject
Project("{9A19103F-16F7-4668-BE54-9A1E7A4F7556}") = "03_AnimalFarm", "AnimalFarm\03_AnimalFarm.csproj", "{E0124FD0-F44F-4DCC-9A57-D2A7538BC378}"
EndProject
Project("{9A19103F-16F7-4668-BE54-9A1E7A4F7556}") = "04_ShoppingSpree", "04_ShoppingSpree\04_ShoppingSpree.csproj", "{E4980125-85F4-4A68-B104-756A06B1E382}"
EndProject
Project("{9A19103F-16F7-4668-BE54-9A1E7A4F7556}") = "06_FootballTeamGenerator", "06_footballTeamGenerator\06_FootballTeamGenerator.csproj", "{0654395F-3005-4F5E-8E6F-81AC878DD656}"
EndProject
Project("{9A19103F-16F7-4668-BE54-9A1E7A4F7556}") = "05_PizzaCalories", "05_PizzaCalories\05_PizzaCalories.csproj", "{DDC0F9D3-4E7E-4608-880D-E8F2D25BD06B}"
EndProject
Global
	GlobalSection(SolutionConfigurationPlatforms) = preSolution
		Debug|Any CPU = Debug|Any CPU
		Release|Any CPU = Release|Any CPU
	EndGlobalSection
	GlobalSection(ProjectConfigurationPlatforms) = postSolution
		{00AC4B50-4E99-4002-82F9-1D583676B331}.Debug|Any CPU.ActiveCfg = Debug|Any CPU
		{00AC4B50-4E99-4002-82F9-1D583676B331}.Debug|Any CPU.Build.0 = Debug|Any CPU
		{00AC4B50-4E99-4002-82F9-1D583676B331}.Release|Any CPU.ActiveCfg = Release|Any CPU
		{00AC4B50-4E99-4002-82F9-1D583676B331}.Release|Any CPU.Build.0 = Release|Any CPU
		{5FEB23FE-7256-4FB0-9CCC-78AD67DFB0C2}.Debug|Any CPU.ActiveCfg = Debug|Any CPU
		{5FEB23FE-7256-4FB0-9CCC-78AD67DFB0C2}.Debug|Any CPU.Build.0 = Debug|Any CPU
		{5FEB23FE-7256-4FB0-9CCC-78AD67DFB0C2}.Release|Any CPU.ActiveCfg = Release|Any CPU
		{5FEB23FE-7256-4FB0-9CCC-78AD67DFB0C2}.Release|Any CPU.Build.0 = Release|Any CPU
		{E0124FD0-F44F-4DCC-9A57-D2A7538BC378}.Debug|Any CPU.ActiveCfg = Debug|Any CPU
		{E0124FD0-F44F-4DCC-9A57-D2A7538BC378}.Debug|Any CPU.Build.0 = Debug|Any CPU
		{E0124FD0-F44F-4DCC-9A57-D2A7538BC378}.Release|Any CPU.ActiveCfg = Release|Any CPU
		{E0124FD0-F44F-4DCC-9A57-D2A7538BC378}.Release|Any CPU.Build.0 = Release|Any CPU
		{E4980125-85F4-4A68-B104-756A06B1E382}.Debug|Any CPU.ActiveCfg = Debug|Any CPU
		{E4980125-85F4-4A68-B104-756A06B1E382}.Debug|Any CPU.Build.0 = Debug|Any CPU
		{E4980125-85F4-4A68-B104-756A06B1E382}.Release|Any CPU.ActiveCfg = Release|Any CPU
		{E4980125-85F4-4A68-B104-756A06B1E382}.Release|Any CPU.Build.0 = Release|Any CPU
		{0654395F-3005-4F5E-8E6F-81AC878DD656}.Debug|Any CPU.ActiveCfg = Debug|Any CPU
		{0654395F-3005-4F5E-8E6F-81AC878DD656}.Debug|Any CPU.Build.0 = Debug|Any CPU
		{0654395F-3005-4F5E-8E6F-81AC878DD656}.Release|Any CPU.ActiveCfg = Release|Any CPU
		{0654395F-3005-4F5E-8E6F-81AC878DD656}.Release|Any CPU.Build.0 = Release|Any CPU
		{DDC0F9D3-4E7E-4608-880D-E8F2D25BD06B}.Debug|Any CPU.ActiveCfg = Debug|Any CPU
		{DDC0F9D3-4E7E-4608-880D-E8F2D25BD06B}.Debug|Any CPU.Build.0 = Debug|Any CPU
		{DDC0F9D3-4E7E-4608-880D-E8F2D25BD06B}.Release|Any CPU.ActiveCfg = Release|Any CPU
		{DDC0F9D3-4E7E-4608-880D-E8F2D25BD06B}.Release|Any CPU.Build.0 = Release|Any CPU
	EndGlobalSection
	GlobalSection(SolutionProperties) = preSolution
		HideSolutionNode = FALSE
	EndGlobalSection
	GlobalSection(ExtensibilityGlobals) = postSolution
		SolutionGuid = {F0F8F367-F21D-4809-B946-4AC78C9AA75C}
	EndGlobalSection
EndGlobal
