
Microsoft Visual Studio Solution File, Format Version 12.00
# Visual Studio 15
VisualStudioVersion = 15.0.28307.329
MinimumVisualStudioVersion = 10.0.40219.1
Project("{9A19103F-16F7-4668-BE54-9A1E7A4F7556}") = "01_ClubParty", "01_ClubParty\01_ClubParty.csproj", "{9A395490-ADCE-4A1F-80E7-76DB45A7AFDC}"
EndProject
Project("{9A19103F-16F7-4668-BE54-9A1E7A4F7556}") = "02_TtonRacers", "02_TtonRacers\02_TtonRacers.csproj", "{E8250C34-A364-4299-ADAB-0279B4814436}"
EndProject
Project("{9A19103F-16F7-4668-BE54-9A1E7A4F7556}") = "Heroes", "03_Heroes\Heroes.csproj", "{B3D6E5D5-630D-464F-BABF-72DD7A6E6551}"
EndProject
Global
	GlobalSection(SolutionConfigurationPlatforms) = preSolution
		Debug|Any CPU = Debug|Any CPU
		Release|Any CPU = Release|Any CPU
	EndGlobalSection
	GlobalSection(ProjectConfigurationPlatforms) = postSolution
		{9A395490-ADCE-4A1F-80E7-76DB45A7AFDC}.Debug|Any CPU.ActiveCfg = Debug|Any CPU
		{9A395490-ADCE-4A1F-80E7-76DB45A7AFDC}.Debug|Any CPU.Build.0 = Debug|Any CPU
		{9A395490-ADCE-4A1F-80E7-76DB45A7AFDC}.Release|Any CPU.ActiveCfg = Release|Any CPU
		{9A395490-ADCE-4A1F-80E7-76DB45A7AFDC}.Release|Any CPU.Build.0 = Release|Any CPU
		{E8250C34-A364-4299-ADAB-0279B4814436}.Debug|Any CPU.ActiveCfg = Debug|Any CPU
		{E8250C34-A364-4299-ADAB-0279B4814436}.Debug|Any CPU.Build.0 = Debug|Any CPU
		{E8250C34-A364-4299-ADAB-0279B4814436}.Release|Any CPU.ActiveCfg = Release|Any CPU
		{E8250C34-A364-4299-ADAB-0279B4814436}.Release|Any CPU.Build.0 = Release|Any CPU
		{B3D6E5D5-630D-464F-BABF-72DD7A6E6551}.Debug|Any CPU.ActiveCfg = Debug|Any CPU
		{B3D6E5D5-630D-464F-BABF-72DD7A6E6551}.Debug|Any CPU.Build.0 = Debug|Any CPU
		{B3D6E5D5-630D-464F-BABF-72DD7A6E6551}.Release|Any CPU.ActiveCfg = Release|Any CPU
		{B3D6E5D5-630D-464F-BABF-72DD7A6E6551}.Release|Any CPU.Build.0 = Release|Any CPU
	EndGlobalSection
	GlobalSection(SolutionProperties) = preSolution
		HideSolutionNode = FALSE
	EndGlobalSection
	GlobalSection(ExtensibilityGlobals) = postSolution
		SolutionGuid = {65766DB7-CC6F-4797-AB32-7C4608AE233B}
	EndGlobalSection
EndGlobal
