
Microsoft Visual Studio Solution File, Format Version 12.00
# Visual Studio 15
VisualStudioVersion = 15.0.28307.489
MinimumVisualStudioVersion = 10.0.40219.1
Project("{9A19103F-16F7-4668-BE54-9A1E7A4F7556}") = "Skeleton", "Skeleton.csproj", "{2C88EAD2-14CE-4ACF-B3A0-EA63E0D08EFD}"
EndProject
Project("{9A19103F-16F7-4668-BE54-9A1E7A4F7556}") = "Skeleton.Tests", "..\Skeleton.Tests\Skeleton.Tests.csproj", "{74FC912E-7FAA-43F2-9813-BCB932D2958F}"
EndProject
Global
	GlobalSection(SolutionConfigurationPlatforms) = preSolution
		Debug|Any CPU = Debug|Any CPU
		Release|Any CPU = Release|Any CPU
	EndGlobalSection
	GlobalSection(ProjectConfigurationPlatforms) = postSolution
		{2C88EAD2-14CE-4ACF-B3A0-EA63E0D08EFD}.Debug|Any CPU.ActiveCfg = Debug|Any CPU
		{2C88EAD2-14CE-4ACF-B3A0-EA63E0D08EFD}.Debug|Any CPU.Build.0 = Debug|Any CPU
		{2C88EAD2-14CE-4ACF-B3A0-EA63E0D08EFD}.Release|Any CPU.ActiveCfg = Release|Any CPU
		{2C88EAD2-14CE-4ACF-B3A0-EA63E0D08EFD}.Release|Any CPU.Build.0 = Release|Any CPU
		{74FC912E-7FAA-43F2-9813-BCB932D2958F}.Debug|Any CPU.ActiveCfg = Debug|Any CPU
		{74FC912E-7FAA-43F2-9813-BCB932D2958F}.Debug|Any CPU.Build.0 = Debug|Any CPU
		{74FC912E-7FAA-43F2-9813-BCB932D2958F}.Release|Any CPU.ActiveCfg = Release|Any CPU
		{74FC912E-7FAA-43F2-9813-BCB932D2958F}.Release|Any CPU.Build.0 = Release|Any CPU
	EndGlobalSection
	GlobalSection(SolutionProperties) = preSolution
		HideSolutionNode = FALSE
	EndGlobalSection
	GlobalSection(ExtensibilityGlobals) = postSolution
		SolutionGuid = {420CF88F-A21D-494B-97E7-E8DDAFECAE8B}
	EndGlobalSection
EndGlobal
