
Microsoft Visual Studio Solution File, Format Version 12.00
# Visual Studio 15
VisualStudioVersion = 15.0.28307.329
MinimumVisualStudioVersion = 10.0.40219.1
Project("{FAE04EC0-301F-11D3-BF4B-00C04F79EFBC}") = "Shapes", "Shapes\Shapes.csproj", "{97403010-8BF2-455A-9D16-8072ED81B607}"
EndProject
Project("{FAE04EC0-301F-11D3-BF4B-00C04F79EFBC}") = "Cars", "Cars\Cars.csproj", "{62D23D3B-908A-479D-8436-7F440B1AC23B}"
EndProject
Global
	GlobalSection(SolutionConfigurationPlatforms) = preSolution
		Debug|Any CPU = Debug|Any CPU
		Release|Any CPU = Release|Any CPU
	EndGlobalSection
	GlobalSection(ProjectConfigurationPlatforms) = postSolution
		{97403010-8BF2-455A-9D16-8072ED81B607}.Debug|Any CPU.ActiveCfg = Debug|Any CPU
		{97403010-8BF2-455A-9D16-8072ED81B607}.Debug|Any CPU.Build.0 = Debug|Any CPU
		{97403010-8BF2-455A-9D16-8072ED81B607}.Release|Any CPU.ActiveCfg = Release|Any CPU
		{97403010-8BF2-455A-9D16-8072ED81B607}.Release|Any CPU.Build.0 = Release|Any CPU
		{62D23D3B-908A-479D-8436-7F440B1AC23B}.Debug|Any CPU.ActiveCfg = Debug|Any CPU
		{62D23D3B-908A-479D-8436-7F440B1AC23B}.Debug|Any CPU.Build.0 = Debug|Any CPU
		{62D23D3B-908A-479D-8436-7F440B1AC23B}.Release|Any CPU.ActiveCfg = Release|Any CPU
		{62D23D3B-908A-479D-8436-7F440B1AC23B}.Release|Any CPU.Build.0 = Release|Any CPU
	EndGlobalSection
	GlobalSection(SolutionProperties) = preSolution
		HideSolutionNode = FALSE
	EndGlobalSection
	GlobalSection(ExtensibilityGlobals) = postSolution
		SolutionGuid = {DABF2EA4-02EC-48C7-A4FB-8A85340BA2E3}
	EndGlobalSection
EndGlobal
