
Microsoft Visual Studio Solution File, Format Version 12.00
# Visual Studio 15
VisualStudioVersion = 15.0.28307.329
MinimumVisualStudioVersion = 10.0.40219.1
Project("{FAE04EC0-301F-11D3-BF4B-00C04F79EFBC}") = "01_Library", "01_Library\01_Library.csproj", "{FD8AF4EA-2C95-405F-B7A6-64A615B347B2}"
EndProject
Project("{FAE04EC0-301F-11D3-BF4B-00C04F79EFBC}") = "02_LibraryIterator", "02_LibraryIterator\02_LibraryIterator.csproj", "{C99FD7CA-2945-4CC4-BE33-EAF5EC0E16DA}"
EndProject
Project("{FAE04EC0-301F-11D3-BF4B-00C04F79EFBC}") = "03_ComparableBook", "03_ComparableBook\03_ComparableBook.csproj", "{19E43A88-E319-45C3-8B47-906AC45BF30A}"
EndProject
Project("{FAE04EC0-301F-11D3-BF4B-00C04F79EFBC}") = "04_BookComparator", "04_BookComparator\04_BookComparator.csproj", "{06F2B7BA-1D3E-49FA-9905-4F36F82F650A}"
EndProject
Global
	GlobalSection(SolutionConfigurationPlatforms) = preSolution
		Debug|Any CPU = Debug|Any CPU
		Release|Any CPU = Release|Any CPU
	EndGlobalSection
	GlobalSection(ProjectConfigurationPlatforms) = postSolution
		{FD8AF4EA-2C95-405F-B7A6-64A615B347B2}.Debug|Any CPU.ActiveCfg = Debug|Any CPU
		{FD8AF4EA-2C95-405F-B7A6-64A615B347B2}.Debug|Any CPU.Build.0 = Debug|Any CPU
		{FD8AF4EA-2C95-405F-B7A6-64A615B347B2}.Release|Any CPU.ActiveCfg = Release|Any CPU
		{FD8AF4EA-2C95-405F-B7A6-64A615B347B2}.Release|Any CPU.Build.0 = Release|Any CPU
		{C99FD7CA-2945-4CC4-BE33-EAF5EC0E16DA}.Debug|Any CPU.ActiveCfg = Debug|Any CPU
		{C99FD7CA-2945-4CC4-BE33-EAF5EC0E16DA}.Debug|Any CPU.Build.0 = Debug|Any CPU
		{C99FD7CA-2945-4CC4-BE33-EAF5EC0E16DA}.Release|Any CPU.ActiveCfg = Release|Any CPU
		{C99FD7CA-2945-4CC4-BE33-EAF5EC0E16DA}.Release|Any CPU.Build.0 = Release|Any CPU
		{19E43A88-E319-45C3-8B47-906AC45BF30A}.Debug|Any CPU.ActiveCfg = Debug|Any CPU
		{19E43A88-E319-45C3-8B47-906AC45BF30A}.Debug|Any CPU.Build.0 = Debug|Any CPU
		{19E43A88-E319-45C3-8B47-906AC45BF30A}.Release|Any CPU.ActiveCfg = Release|Any CPU
		{19E43A88-E319-45C3-8B47-906AC45BF30A}.Release|Any CPU.Build.0 = Release|Any CPU
		{06F2B7BA-1D3E-49FA-9905-4F36F82F650A}.Debug|Any CPU.ActiveCfg = Debug|Any CPU
		{06F2B7BA-1D3E-49FA-9905-4F36F82F650A}.Debug|Any CPU.Build.0 = Debug|Any CPU
		{06F2B7BA-1D3E-49FA-9905-4F36F82F650A}.Release|Any CPU.ActiveCfg = Release|Any CPU
		{06F2B7BA-1D3E-49FA-9905-4F36F82F650A}.Release|Any CPU.Build.0 = Release|Any CPU
	EndGlobalSection
	GlobalSection(SolutionProperties) = preSolution
		HideSolutionNode = FALSE
	EndGlobalSection
	GlobalSection(ExtensibilityGlobals) = postSolution
		SolutionGuid = {388DDE93-5547-4A52-8C5B-399BFFD73303}
	EndGlobalSection
EndGlobal
