
Microsoft Visual Studio Solution File, Format Version 12.00
# Visual Studio 15
VisualStudioVersion = 15.0.28307.329
MinimumVisualStudioVersion = 10.0.40219.1
Project("{9A19103F-16F7-4668-BE54-9A1E7A4F7556}") = "01_ListyIterator", "01_ListyIterator\01_ListyIterator.csproj", "{53EB27CE-D2E7-41A7-9877-AA1583A3BF54}"
EndProject
Project("{9A19103F-16F7-4668-BE54-9A1E7A4F7556}") = "02_Collection", "02_Collection\02_Collection.csproj", "{DDF20CB7-4662-4F5E-B77C-14D192DDB2DE}"
EndProject
Project("{9A19103F-16F7-4668-BE54-9A1E7A4F7556}") = "03_Stack", "03_Stack\03_Stack.csproj", "{AD127500-DDD8-49CD-B7EF-9D79D2D19000}"
EndProject
Project("{9A19103F-16F7-4668-BE54-9A1E7A4F7556}") = "04_Froggy", "04_Froggy\04_Froggy.csproj", "{57AEA157-6123-49A1-8C75-2270C607B3E5}"
EndProject
Project("{FAE04EC0-301F-11D3-BF4B-00C04F79EFBC}") = "05_ComparingObjects", "05_ComparingObjects\05_ComparingObjects.csproj", "{1953077A-C5A6-4F7B-948A-A247CF737264}"
EndProject
Project("{FAE04EC0-301F-11D3-BF4B-00C04F79EFBC}") = "06_StrategyPattern", "06_StrategyPattern\06_StrategyPattern.csproj", "{2C79908B-63E5-40E1-B9A5-74CE78BF16D2}"
EndProject
Global
	GlobalSection(SolutionConfigurationPlatforms) = preSolution
		Debug|Any CPU = Debug|Any CPU
		Release|Any CPU = Release|Any CPU
	EndGlobalSection
	GlobalSection(ProjectConfigurationPlatforms) = postSolution
		{53EB27CE-D2E7-41A7-9877-AA1583A3BF54}.Debug|Any CPU.ActiveCfg = Debug|Any CPU
		{53EB27CE-D2E7-41A7-9877-AA1583A3BF54}.Debug|Any CPU.Build.0 = Debug|Any CPU
		{53EB27CE-D2E7-41A7-9877-AA1583A3BF54}.Release|Any CPU.ActiveCfg = Release|Any CPU
		{53EB27CE-D2E7-41A7-9877-AA1583A3BF54}.Release|Any CPU.Build.0 = Release|Any CPU
		{DDF20CB7-4662-4F5E-B77C-14D192DDB2DE}.Debug|Any CPU.ActiveCfg = Debug|Any CPU
		{DDF20CB7-4662-4F5E-B77C-14D192DDB2DE}.Debug|Any CPU.Build.0 = Debug|Any CPU
		{DDF20CB7-4662-4F5E-B77C-14D192DDB2DE}.Release|Any CPU.ActiveCfg = Release|Any CPU
		{DDF20CB7-4662-4F5E-B77C-14D192DDB2DE}.Release|Any CPU.Build.0 = Release|Any CPU
		{AD127500-DDD8-49CD-B7EF-9D79D2D19000}.Debug|Any CPU.ActiveCfg = Debug|Any CPU
		{AD127500-DDD8-49CD-B7EF-9D79D2D19000}.Debug|Any CPU.Build.0 = Debug|Any CPU
		{AD127500-DDD8-49CD-B7EF-9D79D2D19000}.Release|Any CPU.ActiveCfg = Release|Any CPU
		{AD127500-DDD8-49CD-B7EF-9D79D2D19000}.Release|Any CPU.Build.0 = Release|Any CPU
		{57AEA157-6123-49A1-8C75-2270C607B3E5}.Debug|Any CPU.ActiveCfg = Debug|Any CPU
		{57AEA157-6123-49A1-8C75-2270C607B3E5}.Debug|Any CPU.Build.0 = Debug|Any CPU
		{57AEA157-6123-49A1-8C75-2270C607B3E5}.Release|Any CPU.ActiveCfg = Release|Any CPU
		{57AEA157-6123-49A1-8C75-2270C607B3E5}.Release|Any CPU.Build.0 = Release|Any CPU
		{1953077A-C5A6-4F7B-948A-A247CF737264}.Debug|Any CPU.ActiveCfg = Debug|Any CPU
		{1953077A-C5A6-4F7B-948A-A247CF737264}.Debug|Any CPU.Build.0 = Debug|Any CPU
		{1953077A-C5A6-4F7B-948A-A247CF737264}.Release|Any CPU.ActiveCfg = Release|Any CPU
		{1953077A-C5A6-4F7B-948A-A247CF737264}.Release|Any CPU.Build.0 = Release|Any CPU
		{2C79908B-63E5-40E1-B9A5-74CE78BF16D2}.Debug|Any CPU.ActiveCfg = Debug|Any CPU
		{2C79908B-63E5-40E1-B9A5-74CE78BF16D2}.Debug|Any CPU.Build.0 = Debug|Any CPU
		{2C79908B-63E5-40E1-B9A5-74CE78BF16D2}.Release|Any CPU.ActiveCfg = Release|Any CPU
		{2C79908B-63E5-40E1-B9A5-74CE78BF16D2}.Release|Any CPU.Build.0 = Release|Any CPU
	EndGlobalSection
	GlobalSection(SolutionProperties) = preSolution
		HideSolutionNode = FALSE
	EndGlobalSection
	GlobalSection(ExtensibilityGlobals) = postSolution
		SolutionGuid = {B24433E9-1842-405D-A9EF-A1146606A186}
	EndGlobalSection
EndGlobal
