
Microsoft Visual Studio Solution File, Format Version 12.00
# Visual Studio 15
VisualStudioVersion = 15.0.28307.489
MinimumVisualStudioVersion = 10.0.40219.1
Project("{9A19103F-16F7-4668-BE54-9A1E7A4F7556}") = "01_EventImplementation", "01_EventImplementation\01_EventImplementation.csproj", "{C4670B24-CDC1-4EF2-877D-A568AAAE4B8D}"
EndProject
Project("{9A19103F-16F7-4668-BE54-9A1E7A4F7556}") = "02_King'sGambit", "02_King'sGambit\02_King'sGambit.csproj", "{E2167C7E-3308-420F-B957-FC16B8F7856C}"
EndProject
Project("{9A19103F-16F7-4668-BE54-9A1E7A4F7556}") = "03_DependencyInversion", "03_DependencyInversion\03_DependencyInversion.csproj", "{C3565B86-6ECC-40D2-B7E3-041AF33E6433}"
EndProject
Global
	GlobalSection(SolutionConfigurationPlatforms) = preSolution
		Debug|Any CPU = Debug|Any CPU
		Release|Any CPU = Release|Any CPU
	EndGlobalSection
	GlobalSection(ProjectConfigurationPlatforms) = postSolution
		{C4670B24-CDC1-4EF2-877D-A568AAAE4B8D}.Debug|Any CPU.ActiveCfg = Debug|Any CPU
		{C4670B24-CDC1-4EF2-877D-A568AAAE4B8D}.Debug|Any CPU.Build.0 = Debug|Any CPU
		{C4670B24-CDC1-4EF2-877D-A568AAAE4B8D}.Release|Any CPU.ActiveCfg = Release|Any CPU
		{C4670B24-CDC1-4EF2-877D-A568AAAE4B8D}.Release|Any CPU.Build.0 = Release|Any CPU
		{E2167C7E-3308-420F-B957-FC16B8F7856C}.Debug|Any CPU.ActiveCfg = Debug|Any CPU
		{E2167C7E-3308-420F-B957-FC16B8F7856C}.Debug|Any CPU.Build.0 = Debug|Any CPU
		{E2167C7E-3308-420F-B957-FC16B8F7856C}.Release|Any CPU.ActiveCfg = Release|Any CPU
		{E2167C7E-3308-420F-B957-FC16B8F7856C}.Release|Any CPU.Build.0 = Release|Any CPU
		{C3565B86-6ECC-40D2-B7E3-041AF33E6433}.Debug|Any CPU.ActiveCfg = Debug|Any CPU
		{C3565B86-6ECC-40D2-B7E3-041AF33E6433}.Debug|Any CPU.Build.0 = Debug|Any CPU
		{C3565B86-6ECC-40D2-B7E3-041AF33E6433}.Release|Any CPU.ActiveCfg = Release|Any CPU
		{C3565B86-6ECC-40D2-B7E3-041AF33E6433}.Release|Any CPU.Build.0 = Release|Any CPU
	EndGlobalSection
	GlobalSection(SolutionProperties) = preSolution
		HideSolutionNode = FALSE
	EndGlobalSection
	GlobalSection(ExtensibilityGlobals) = postSolution
		SolutionGuid = {11BD74E1-05AA-470D-9E10-44CF79D32EE7}
	EndGlobalSection
EndGlobal
