
Microsoft Visual Studio Solution File, Format Version 12.00
# Visual Studio 15
VisualStudioVersion = 15.0.28307.489
MinimumVisualStudioVersion = 10.0.40219.1
Project("{9A19103F-16F7-4668-BE54-9A1E7A4F7556}") = "TheTankGame", "Skeleton (.NET Core)\TheTankGame\TheTankGame\TheTankGame.csproj", "{BC814704-1B86-4187-96EE-28579B9BBE78}"
EndProject
Project("{9A19103F-16F7-4668-BE54-9A1E7A4F7556}") = "TheTankGame.Tests", "Skeleton (.NET Core)\TheTankGame\TheTankGame.Tests\TheTankGame.Tests.csproj", "{77F258CA-F55B-47F1-996F-6C1DFF454708}"
EndProject
Global
	GlobalSection(SolutionConfigurationPlatforms) = preSolution
		Debug|Any CPU = Debug|Any CPU
		Release|Any CPU = Release|Any CPU
	EndGlobalSection
	GlobalSection(ProjectConfigurationPlatforms) = postSolution
		{BC814704-1B86-4187-96EE-28579B9BBE78}.Debug|Any CPU.ActiveCfg = Debug|Any CPU
		{BC814704-1B86-4187-96EE-28579B9BBE78}.Debug|Any CPU.Build.0 = Debug|Any CPU
		{BC814704-1B86-4187-96EE-28579B9BBE78}.Release|Any CPU.ActiveCfg = Release|Any CPU
		{BC814704-1B86-4187-96EE-28579B9BBE78}.Release|Any CPU.Build.0 = Release|Any CPU
		{77F258CA-F55B-47F1-996F-6C1DFF454708}.Debug|Any CPU.ActiveCfg = Debug|Any CPU
		{77F258CA-F55B-47F1-996F-6C1DFF454708}.Debug|Any CPU.Build.0 = Debug|Any CPU
		{77F258CA-F55B-47F1-996F-6C1DFF454708}.Release|Any CPU.ActiveCfg = Release|Any CPU
		{77F258CA-F55B-47F1-996F-6C1DFF454708}.Release|Any CPU.Build.0 = Release|Any CPU
	EndGlobalSection
	GlobalSection(SolutionProperties) = preSolution
		HideSolutionNode = FALSE
	EndGlobalSection
	GlobalSection(ExtensibilityGlobals) = postSolution
		SolutionGuid = {90975AC5-C00A-41E7-B39E-B68A1D6D5D73}
	EndGlobalSection
EndGlobal
