
Microsoft Visual Studio Solution File, Format Version 12.00
# Visual Studio 15
VisualStudioVersion = 15.0.28307.489
MinimumVisualStudioVersion = 10.0.40219.1
Project("{9A19103F-16F7-4668-BE54-9A1E7A4F7556}") = "INStock", "INStock - Skeleton\INStock\INStock.csproj", "{9001938A-79CE-40F3-8A86-5DCAFE0FF18E}"
EndProject
Project("{9A19103F-16F7-4668-BE54-9A1E7A4F7556}") = "INStock.Tests", "INStock - Skeleton\INStock.Tests\INStock.Tests.csproj", "{6BCC5922-CFED-478F-AB7C-BCF1A416DEFC}"
EndProject
Global
	GlobalSection(SolutionConfigurationPlatforms) = preSolution
		Debug|Any CPU = Debug|Any CPU
		Release|Any CPU = Release|Any CPU
	EndGlobalSection
	GlobalSection(ProjectConfigurationPlatforms) = postSolution
		{9001938A-79CE-40F3-8A86-5DCAFE0FF18E}.Debug|Any CPU.ActiveCfg = Debug|Any CPU
		{9001938A-79CE-40F3-8A86-5DCAFE0FF18E}.Debug|Any CPU.Build.0 = Debug|Any CPU
		{9001938A-79CE-40F3-8A86-5DCAFE0FF18E}.Release|Any CPU.ActiveCfg = Release|Any CPU
		{9001938A-79CE-40F3-8A86-5DCAFE0FF18E}.Release|Any CPU.Build.0 = Release|Any CPU
		{6BCC5922-CFED-478F-AB7C-BCF1A416DEFC}.Debug|Any CPU.ActiveCfg = Debug|Any CPU
		{6BCC5922-CFED-478F-AB7C-BCF1A416DEFC}.Debug|Any CPU.Build.0 = Debug|Any CPU
		{6BCC5922-CFED-478F-AB7C-BCF1A416DEFC}.Release|Any CPU.ActiveCfg = Release|Any CPU
		{6BCC5922-CFED-478F-AB7C-BCF1A416DEFC}.Release|Any CPU.Build.0 = Release|Any CPU
	EndGlobalSection
	GlobalSection(SolutionProperties) = preSolution
		HideSolutionNode = FALSE
	EndGlobalSection
	GlobalSection(ExtensibilityGlobals) = postSolution
		SolutionGuid = {5A7AD2CB-E68C-4415-8EE9-0EB8202034E4}
	EndGlobalSection
EndGlobal
