
Microsoft Visual Studio Solution File, Format Version 12.00
# Visual Studio 15
VisualStudioVersion = 15.0.28307.489
MinimumVisualStudioVersion = 10.0.40219.1
Project("{9A19103F-16F7-4668-BE54-9A1E7A4F7556}") = "SoftUniRestaurant", "SoftUniRestaurant\SoftUniRestaurant.csproj", "{1947BE70-F73A-41BA-BFD9-62B394B0307A}"
EndProject
Global
	GlobalSection(SolutionConfigurationPlatforms) = preSolution
		Debug|Any CPU = Debug|Any CPU
		Release|Any CPU = Release|Any CPU
	EndGlobalSection
	GlobalSection(ProjectConfigurationPlatforms) = postSolution
		{1947BE70-F73A-41BA-BFD9-62B394B0307A}.Debug|Any CPU.ActiveCfg = Debug|Any CPU
		{1947BE70-F73A-41BA-BFD9-62B394B0307A}.Debug|Any CPU.Build.0 = Debug|Any CPU
		{1947BE70-F73A-41BA-BFD9-62B394B0307A}.Release|Any CPU.ActiveCfg = Release|Any CPU
		{1947BE70-F73A-41BA-BFD9-62B394B0307A}.Release|Any CPU.Build.0 = Release|Any CPU
	EndGlobalSection
	GlobalSection(SolutionProperties) = preSolution
		HideSolutionNode = FALSE
	EndGlobalSection
	GlobalSection(ExtensibilityGlobals) = postSolution
		SolutionGuid = {D4A97A03-7097-4CC7-A7D2-97F8115A4308}
	EndGlobalSection
EndGlobal
